{
  "name": "testapp",
  "version": "1.0.0",
  "lockfileVersion": 3,
  "requires": true,
  "packages": {
    "": {
      "name": "testapp",
      "version": "1.0.0",
      "license": "ISC",
      "dependencies": {
        "@starship/core": "^0.0.14"
      }
    },
    "node_modules/@starship/core": {
      "version": "0.0.14",
      "resolved": "https://lucaspolo.jfrog.io/artifactory/api/npm/lucaspolo-npm/@starship/core/-/@starship/core-0.0.14.tgz",
      "integrity": "sha512-IMJkaaEXUFxTah54g6ih9ZEpYf7/PyP34+3dyMW6l3xBwkMk2J0beAi26XO+vBcxbrDP274gFZsC5szIVSRCMg=="
    }
  }
}
